
Microsoft Visual Studio Solution File, Format Version 12.00
# Visual Studio Version 17
VisualStudioVersion = 17.4.33213.308
MinimumVisualStudioVersion = 10.0.40219.1
Project("{FAE04EC0-301F-11D3-BF4B-00C04F79EFBC}") = "GameLibrary", "GamesLibrary\GameLibrary.csproj", "{1E8DB9A8-6049-467A-AC2A-4BAB1DDA0F53}"
EndProject
Project("{FAE04EC0-301F-11D3-BF4B-00C04F79EFBC}") = "GameGuideAppConsole", "GameGuideAppConsole\GameGuideAppConsole.csproj", "{07459123-75D7-48CF-97DE-E51D31A4C747}"
EndProject
Project("{FAE04EC0-301F-11D3-BF4B-00C04F79EFBC}") = "MenuSystem", "MenuSystem\MenuSystem.csproj", "{7650FA15-0608-47D2-8B9A-1575E694D94E}"
EndProject
Project("{FAE04EC0-301F-11D3-BF4B-00C04F79EFBC}") = "ConsoleController", "ConsoleController1\ConsoleController.csproj", "{32937872-C89E-4B10-ADD8-E197111AF285}"
EndProject
Global
	GlobalSection(SolutionConfigurationPlatforms) = preSolution
		Debug|Any CPU = Debug|Any CPU
		Release|Any CPU = Release|Any CPU
	EndGlobalSection
	GlobalSection(ProjectConfigurationPlatforms) = postSolution
		{1E8DB9A8-6049-467A-AC2A-4BAB1DDA0F53}.Debug|Any CPU.ActiveCfg = Debug|Any CPU
		{1E8DB9A8-6049-467A-AC2A-4BAB1DDA0F53}.Debug|Any CPU.Build.0 = Debug|Any CPU
		{1E8DB9A8-6049-467A-AC2A-4BAB1DDA0F53}.Release|Any CPU.ActiveCfg = Release|Any CPU
		{1E8DB9A8-6049-467A-AC2A-4BAB1DDA0F53}.Release|Any CPU.Build.0 = Release|Any CPU
		{07459123-75D7-48CF-97DE-E51D31A4C747}.Debug|Any CPU.ActiveCfg = Debug|Any CPU
		{07459123-75D7-48CF-97DE-E51D31A4C747}.Debug|Any CPU.Build.0 = Debug|Any CPU
		{07459123-75D7-48CF-97DE-E51D31A4C747}.Release|Any CPU.ActiveCfg = Release|Any CPU
		{07459123-75D7-48CF-97DE-E51D31A4C747}.Release|Any CPU.Build.0 = Release|Any CPU
		{7650FA15-0608-47D2-8B9A-1575E694D94E}.Debug|Any CPU.ActiveCfg = Debug|Any CPU
		{7650FA15-0608-47D2-8B9A-1575E694D94E}.Debug|Any CPU.Build.0 = Debug|Any CPU
		{7650FA15-0608-47D2-8B9A-1575E694D94E}.Release|Any CPU.ActiveCfg = Release|Any CPU
		{7650FA15-0608-47D2-8B9A-1575E694D94E}.Release|Any CPU.Build.0 = Release|Any CPU
		{32937872-C89E-4B10-ADD8-E197111AF285}.Debug|Any CPU.ActiveCfg = Debug|Any CPU
		{32937872-C89E-4B10-ADD8-E197111AF285}.Debug|Any CPU.Build.0 = Debug|Any CPU
		{32937872-C89E-4B10-ADD8-E197111AF285}.Release|Any CPU.ActiveCfg = Release|Any CPU
		{32937872-C89E-4B10-ADD8-E197111AF285}.Release|Any CPU.Build.0 = Release|Any CPU
	EndGlobalSection
	GlobalSection(SolutionProperties) = preSolution
		HideSolutionNode = FALSE
	EndGlobalSection
	GlobalSection(ExtensibilityGlobals) = postSolution
		SolutionGuid = {7F04D22B-DD3C-4CF3-B4E9-31E801DD8A23}
	EndGlobalSection
EndGlobal
